
Microsoft Visual Studio Solution File, Format Version 12.00
# Visual Studio Version 16
VisualStudioVersion = 16.0.31424.327
MinimumVisualStudioVersion = 10.0.40219.1
Project("{FAE04EC0-301F-11D3-BF4B-00C04F79EFBC}") = "UserRegistration", "UserRegistration\UserRegistration.csproj", "{1B7673E3-6EC8-4DD8-9565-9C1969200A10}"
EndProject
Global
	GlobalSection(SolutionConfigurationPlatforms) = preSolution
		Debug|Any CPU = Debug|Any CPU
		Release|Any CPU = Release|Any CPU
	EndGlobalSection
	GlobalSection(ProjectConfigurationPlatforms) = postSolution
		{1B7673E3-6EC8-4DD8-9565-9C1969200A10}.Debug|Any CPU.ActiveCfg = Debug|Any CPU
		{1B7673E3-6EC8-4DD8-9565-9C1969200A10}.Debug|Any CPU.Build.0 = Debug|Any CPU
		{1B7673E3-6EC8-4DD8-9565-9C1969200A10}.Release|Any CPU.ActiveCfg = Release|Any CPU
		{1B7673E3-6EC8-4DD8-9565-9C1969200A10}.Release|Any CPU.Build.0 = Release|Any CPU
	EndGlobalSection
	GlobalSection(SolutionProperties) = preSolution
		HideSolutionNode = FALSE
	EndGlobalSection
	GlobalSection(ExtensibilityGlobals) = postSolution
		SolutionGuid = {B51F6FD9-8A92-4EC8-8210-BB7ACC219BBD}
	EndGlobalSection
EndGlobal
